
Microsoft Visual Studio Solution File, Format Version 12.00
Project("{FAE04EC0-301F-11D3-BF4B-00C04F79EFBC}") = "MyPrometheusApp2", "MyPrometheusApp2.csproj", "{5009B44E-3B62-4EFA-9F97-530FF86777F8}"
EndProject
Global
	GlobalSection(SolutionConfigurationPlatforms) = preSolution
		Debug|Any CPU = Debug|Any CPU
		Release|Any CPU = Release|Any CPU
	EndGlobalSection
	GlobalSection(ProjectConfigurationPlatforms) = postSolution
		{5009B44E-3B62-4EFA-9F97-530FF86777F8}.Debug|Any CPU.ActiveCfg = Debug|Any CPU
		{5009B44E-3B62-4EFA-9F97-530FF86777F8}.Debug|Any CPU.Build.0 = Debug|Any CPU
		{5009B44E-3B62-4EFA-9F97-530FF86777F8}.Release|Any CPU.ActiveCfg = Release|Any CPU
		{5009B44E-3B62-4EFA-9F97-530FF86777F8}.Release|Any CPU.Build.0 = Release|Any CPU
	EndGlobalSection
EndGlobal
